
Microsoft Visual Studio Solution File, Format Version 12.00
# Visual Studio Version 17
VisualStudioVersion = 17.4.33403.182
MinimumVisualStudioVersion = 10.0.40219.1
Project("{FAE04EC0-301F-11D3-BF4B-00C04F79EFBC}") = "birkanturan_webpage", "birkanturan_webpage\birkanturan_webpage.csproj", "{50807D1D-9409-4F34-85CE-F4160A7F8B07}"
EndProject
Global
	GlobalSection(SolutionConfigurationPlatforms) = preSolution
		Debug|Any CPU = Debug|Any CPU
		Release|Any CPU = Release|Any CPU
	EndGlobalSection
	GlobalSection(ProjectConfigurationPlatforms) = postSolution
		{50807D1D-9409-4F34-85CE-F4160A7F8B07}.Debug|Any CPU.ActiveCfg = Debug|Any CPU
		{50807D1D-9409-4F34-85CE-F4160A7F8B07}.Debug|Any CPU.Build.0 = Debug|Any CPU
		{50807D1D-9409-4F34-85CE-F4160A7F8B07}.Release|Any CPU.ActiveCfg = Release|Any CPU
		{50807D1D-9409-4F34-85CE-F4160A7F8B07}.Release|Any CPU.Build.0 = Release|Any CPU
	EndGlobalSection
	GlobalSection(SolutionProperties) = preSolution
		HideSolutionNode = FALSE
	EndGlobalSection
	GlobalSection(ExtensibilityGlobals) = postSolution
		SolutionGuid = {AE279D8D-6021-47EA-874D-B5DFA39237A8}
	EndGlobalSection
EndGlobal
